PODS:
  - Alamofire (4.9.1)
  - IQKeyboardManagerSwift (6.5.5)
  - Realm (5.1.0):
    - Realm/Headers (= 5.1.0)
  - Realm/Headers (5.1.0)
  - RealmSwift (5.1.0):
    - Realm (= 5.1.0)

DEPENDENCIES:
  - Alamofire
  - IQKeyboardManagerSwift
  - RealmSwift

SPEC REPOS:
  trunk:
    - Alamofire
    - IQKeyboardManagerSwift
    - Realm
    - RealmSwift

SPEC CHECKSUMS:
  Alamofire: 85e8a02c69d6020a0d734f6054870d7ecb75cf18
  IQKeyboardManagerSwift: 0fb93310284665245591f50f7a5e38de615960b7
  Realm: bdea546851e37b4cf0a2400cef115c7c26fda488
  RealmSwift: 70945aa168db93b215c460e9c8ef680261aa28af

PODFILE CHECKSUM: 2c4710d6921bfdfefe5d36947787b7068a33230c

COCOAPODS: 1.9.0.beta.2
